<?xml version="1.0" encoding="UTF-8" standalone="yes" ?>
<CodeBlocks_project_file>
	<FileVersion major="1" minor="6" />
	<Project>
		<Option title="Projekt_PO1" />
		<Option pch_mode="2" />
		<Option compiler="gcc" />
		<Build>
			<Target title="Debug">
				<Option output="bin/Debug/Projekt_PO1" prefix_auto="1" extension_auto="1" />
				<Option object_output="obj/Debug/" />
				<Option type="1" />
				<Option compiler="gcc" />
				<Compiler>
					<Add option="-g" />
				</Compiler>
			</Target>
			<Target title="Release">
				<Option output="bin/Release/Projekt_PO1" prefix_auto="1" extension_auto="1" />
				<Option object_output="obj/Release/" />
				<Option type="1" />
				<Option compiler="gcc" />
				<Compiler>
					<Add option="-O2" />
				</Compiler>
				<Linker>
					<Add option="-s" />
				</Linker>
			</Target>
		</Build>
		<Compiler>
			<Add option="-Wall" />
			<Add option="-fexceptions" />
		</Compiler>
		<Unit filename="Dom.cpp" />
		<Unit filename="Dom.h" />
		<Unit filename="Lampka.cpp" />
		<Unit filename="Lampka.h" />
		<Unit filename="Obiekt.cpp" />
		<Unit filename="Obiekt.h" />
		<Unit filename="Pomieszczenie.cpp" />
		<Unit filename="Pomieszczenie.h" />
		<Unit filename="Sterownik.cpp" />
		<Unit filename="Sterownik.h" />
		<Unit filename="Wc.cpp" />
		<Unit filename="Wc.h" />
		<Unit filename="kuchnia.cpp" />
		<Unit filename="kuchnia.h" />
		<Unit filename="main.cpp" />
		<Extensions>
			<code_completion />
			<envvars />
			<debugger />
			<lib_finder disable_auto="1" />
		</Extensions>
	</Project>
</CodeBlocks_project_file>
